// !$*UTF8*$!
{
	archiveVersion = 1;
	classes = {
	};
	objectVersion = 55;
	objects = {

/* Begin PBXBuildFile section */
		B404115927E4C3D700904247 /* NewRestaurantView.swift in Sources */ = {isa = PBXBuildFile; fileRef = B404115827E4C3D700904247 /* NewRestaurantView.swift */; };
		B404115A27E4C3D700904247 /* NewRestaurantView.swift in Sources */ = {isa = PBXBuildFile; fileRef = B404115827E4C3D700904247 /* NewRestaurantView.swift */; };
		B404115F27E5E4EC00904247 /* PhotoPicker.swift in Sources */ = {isa = PBXBuildFile; fileRef = B404115E27E5E4EC00904247 /* PhotoPicker.swift */; };
		B404116027E5E4EC00904247 /* PhotoPicker.swift in Sources */ = {isa = PBXBuildFile; fileRef = B404115E27E5E4EC00904247 /* PhotoPicker.swift */; };
		B454B22C27EB67CC001A1161 /* Persistence.swift in Sources */ = {isa = PBXBuildFile; fileRef = B454B22B27EB67CC001A1161 /* Persistence.swift */; };
		B454B22D27EB67CC001A1161 /* Persistence.swift in Sources */ = {isa = PBXBuildFile; fileRef = B454B22B27EB67CC001A1161 /* Persistence.swift */; };
		B454B23027EC7FE9001A1161 /* FoodPin.xcdatamodeld in Sources */ = {isa = PBXBuildFile; fileRef = B454B22E27EC7FE9001A1161 /* FoodPin.xcdatamodeld */; };
		B454B23127EC7FE9001A1161 /* FoodPin.xcdatamodeld in Sources */ = {isa = PBXBuildFile; fileRef = B454B22E27EC7FE9001A1161 /* FoodPin.xcdatamodeld */; };
		B454B23727F32DF7001A1161 /* RestaurantFormViewModel.swift in Sources */ = {isa = PBXBuildFile; fileRef = B454B23627F32DF7001A1161 /* RestaurantFormViewModel.swift */; };
		B454B23827F32DF7001A1161 /* RestaurantFormViewModel.swift in Sources */ = {isa = PBXBuildFile; fileRef = B454B23627F32DF7001A1161 /* RestaurantFormViewModel.swift */; };
		B45CE2A127DF5DF30094CD35 /* FoodPinApp.swift in Sources */ = {isa = PBXBuildFile; fileRef = B45CE29127DF5DF20094CD35 /* FoodPinApp.swift */; };
		B45CE2A227DF5DF30094CD35 /* FoodPinApp.swift in Sources */ = {isa = PBXBuildFile; fileRef = B45CE29127DF5DF20094CD35 /* FoodPinApp.swift */; };
		B45CE2A327DF5DF30094CD35 /* RestaurantListView.swift in Sources */ = {isa = PBXBuildFile; fileRef = B45CE29227DF5DF20094CD35 /* RestaurantListView.swift */; };
		B45CE2A427DF5DF30094CD35 /* RestaurantListView.swift in Sources */ = {isa = PBXBuildFile; fileRef = B45CE29227DF5DF20094CD35 /* RestaurantListView.swift */; };
		B45CE2A527DF5DF30094CD35 /* Assets.xcassets in Resources */ = {isa = PBXBuildFile; fileRef = B45CE29327DF5DF30094CD35 /* Assets.xcassets */; };
		B45CE2A627DF5DF30094CD35 /* Assets.xcassets in Resources */ = {isa = PBXBuildFile; fileRef = B45CE29327DF5DF30094CD35 /* Assets.xcassets */; };
		B4666EDD27F863B30068ACDD /* MainView.swift in Sources */ = {isa = PBXBuildFile; fileRef = B4666EDC27F863B30068ACDD /* MainView.swift */; };
		B4666EDE27F863B30068ACDD /* MainView.swift in Sources */ = {isa = PBXBuildFile; fileRef = B4666EDC27F863B30068ACDD /* MainView.swift */; };
		B4666EE027F97DBF0068ACDD /* AboutView.swift in Sources */ = {isa = PBXBuildFile; fileRef = B4666EDF27F97DBF0068ACDD /* AboutView.swift */; };
		B4666EE127F97DBF0068ACDD /* AboutView.swift in Sources */ = {isa = PBXBuildFile; fileRef = B4666EDF27F97DBF0068ACDD /* AboutView.swift */; };
		B4666EE627F983820068ACDD /* WebView.swift in Sources */ = {isa = PBXBuildFile; fileRef = B4666EE527F983820068ACDD /* WebView.swift */; };
		B4666EE727F983820068ACDD /* WebView.swift in Sources */ = {isa = PBXBuildFile; fileRef = B4666EE527F983820068ACDD /* WebView.swift */; };
		B4666EE927F985E40068ACDD /* SafariView.swift in Sources */ = {isa = PBXBuildFile; fileRef = B4666EE827F985E40068ACDD /* SafariView.swift */; };
		B4666EEA27F985E40068ACDD /* SafariView.swift in Sources */ = {isa = PBXBuildFile; fileRef = B4666EE827F985E40068ACDD /* SafariView.swift */; };
		B4666EEE27F98B090068ACDD /* CloudKit.framework in Frameworks */ = {isa = PBXBuildFile; fileRef = B4666EED27F98B090068ACDD /* CloudKit.framework */; };
		B4666EF027F98B120068ACDD /* CloudKit.framework in Frameworks */ = {isa = PBXBuildFile; fileRef = B4666EEF27F98B120068ACDD /* CloudKit.framework */; };
		B4666EF227F9B2A00068ACDD /* RestaurantCloudStore.swift in Sources */ = {isa = PBXBuildFile; fileRef = B4666EF127F9B2A00068ACDD /* RestaurantCloudStore.swift */; };
		B4666EF327F9B2A00068ACDD /* RestaurantCloudStore.swift in Sources */ = {isa = PBXBuildFile; fileRef = B4666EF127F9B2A00068ACDD /* RestaurantCloudStore.swift */; };
		B4666EF527F9B3CE0068ACDD /* DiscoverView.swift in Sources */ = {isa = PBXBuildFile; fileRef = B4666EF427F9B3CE0068ACDD /* DiscoverView.swift */; };
		B4666EF627F9B3CE0068ACDD /* DiscoverView.swift in Sources */ = {isa = PBXBuildFile; fileRef = B4666EF427F9B3CE0068ACDD /* DiscoverView.swift */; };
		B46ADC9727F344C900A65D32 /* TutorialView.swift in Sources */ = {isa = PBXBuildFile; fileRef = B46ADC9627F344C900A65D32 /* TutorialView.swift */; };
		B46ADC9827F344C900A65D32 /* TutorialView.swift in Sources */ = {isa = PBXBuildFile; fileRef = B46ADC9627F344C900A65D32 /* TutorialView.swift */; };
		B47B2D3827E207850095708A /* Restaurant.swift in Sources */ = {isa = PBXBuildFile; fileRef = B47B2D3727E207850095708A /* Restaurant.swift */; };
		B47B2D3927E207850095708A /* Restaurant.swift in Sources */ = {isa = PBXBuildFile; fileRef = B47B2D3727E207850095708A /* Restaurant.swift */; };
		B4C5A50B27E2106000B2C3CE /* ActivityView.swift in Sources */ = {isa = PBXBuildFile; fileRef = B4C5A50A27E2106000B2C3CE /* ActivityView.swift */; };
		B4C5A50C27E2106000B2C3CE /* ActivityView.swift in Sources */ = {isa = PBXBuildFile; fileRef = B4C5A50A27E2106000B2C3CE /* ActivityView.swift */; };
		B4C5A50E27E21A3F00B2C3CE /* RestaurantDetailView.swift in Sources */ = {isa = PBXBuildFile; fileRef = B4C5A50D27E21A3F00B2C3CE /* RestaurantDetailView.swift */; };
		B4C5A50F27E21A3F00B2C3CE /* RestaurantDetailView.swift in Sources */ = {isa = PBXBuildFile; fileRef = B4C5A50D27E21A3F00B2C3CE /* RestaurantDetailView.swift */; };
		B4C5A51127E353D000B2C3CE /* MapView.swift in Sources */ = {isa = PBXBuildFile; fileRef = B4C5A51027E353D000B2C3CE /* MapView.swift */; };
		B4C5A51227E353D000B2C3CE /* MapView.swift in Sources */ = {isa = PBXBuildFile; fileRef = B4C5A51027E353D000B2C3CE /* MapView.swift */; };
		B4C5A51427E36C5100B2C3CE /* ReviewView.swift in Sources */ = {isa = PBXBuildFile; fileRef = B4C5A51327E36C5100B2C3CE /* ReviewView.swift */; };
		B4C5A51527E36C5100B2C3CE /* ReviewView.swift in Sources */ = {isa = PBXBuildFile; fileRef = B4C5A51327E36C5100B2C3CE /* ReviewView.swift */; };
/* End PBXBuildFile section */

/* Begin PBXFileReference section */
		B404115827E4C3D700904247 /* NewRestaurantView.swift */ = {isa = PBXFileReference; lastKnownFileType = sourcecode.swift; path = NewRestaurantView.swift; sourceTree = "<group>"; };
		B404115E27E5E4EC00904247 /* PhotoPicker.swift */ = {isa = PBXFileReference; lastKnownFileType = sourcecode.swift; path = PhotoPicker.swift; sourceTree = "<group>"; };
		B454B22B27EB67CC001A1161 /* Persistence.swift */ = {isa = PBXFileReference; lastKnownFileType = sourcecode.swift; path = Persistence.swift; sourceTree = "<group>"; };
		B454B22F27EC7FE9001A1161 /* FoodPin.xcdatamodel */ = {isa = PBXFileReference; lastKnownFileType = wrapper.xcdatamodel; path = FoodPin.xcdatamodel; sourceTree = "<group>"; };
		B454B23627F32DF7001A1161 /* RestaurantFormViewModel.swift */ = {isa = PBXFileReference; lastKnownFileType = sourcecode.swift; path = RestaurantFormViewModel.swift; sourceTree = "<group>"; };
		B45CE29127DF5DF20094CD35 /* FoodPinApp.swift */ = {isa = PBXFileReference; lastKnownFileType = sourcecode.swift; path = FoodPinApp.swift; sourceTree = "<group>"; };
		B45CE29227DF5DF20094CD35 /* RestaurantListView.swift */ = {isa = PBXFileReference; lastKnownFileType = sourcecode.swift; path = RestaurantListView.swift; sourceTree = "<group>"; };
		B45CE29327DF5DF30094CD35 /* Assets.xcassets */ = {isa = PBXFileReference; lastKnownFileType = folder.assetcatalog; path = Assets.xcassets; sourceTree = "<group>"; };
		B45CE29827DF5DF30094CD35 /* FoodPin.app */ = {isa = PBXFileReference; explicitFileType = wrapper.application; includeInIndex = 0; path = FoodPin.app; sourceTree = BUILT_PRODUCTS_DIR; };
		B45CE29E27DF5DF30094CD35 /* FoodPin.app */ = {isa = PBXFileReference; explicitFileType = wrapper.application; includeInIndex = 0; path = FoodPin.app; sourceTree = BUILT_PRODUCTS_DIR; };
		B45CE2A027DF5DF30094CD35 /* macOS.entitlements */ = {isa = PBXFileReference; lastKnownFileType = text.plist.entitlements; path = macOS.entitlements; sourceTree = "<group>"; };
		B4666EDC27F863B30068ACDD /* MainView.swift */ = {isa = PBXFileReference; lastKnownFileType = sourcecode.swift; path = MainView.swift; sourceTree = "<group>"; };
		B4666EDF27F97DBF0068ACDD /* AboutView.swift */ = {isa = PBXFileReference; lastKnownFileType = sourcecode.swift; path = AboutView.swift; sourceTree = "<group>"; };
		B4666EE527F983820068ACDD /* WebView.swift */ = {isa = PBXFileReference; lastKnownFileType = sourcecode.swift; path = WebView.swift; sourceTree = "<group>"; };
		B4666EE827F985E40068ACDD /* SafariView.swift */ = {isa = PBXFileReference; lastKnownFileType = sourcecode.swift; path = SafariView.swift; sourceTree = "<group>"; };
		B4666EEB27F98AB80068ACDD /* FoodPin (iOS).entitlements */ = {isa = PBXFileReference; lastKnownFileType = text.plist.entitlements; path = "FoodPin (iOS).entitlements"; sourceTree = "<group>"; };
		B4666EED27F98B090068ACDD /* CloudKit.framework */ = {isa = PBXFileReference; lastKnownFileType = wrapper.framework; name = CloudKit.framework; path = Platforms/iPhoneOS.platform/Developer/SDKs/iPhoneOS15.4.sdk/System/Library/Frameworks/CloudKit.framework; sourceTree = DEVELOPER_DIR; };
		B4666EEF27F98B120068ACDD /* CloudKit.framework */ = {isa = PBXFileReference; lastKnownFileType = wrapper.framework; name = CloudKit.framework; path = System/Library/Frameworks/CloudKit.framework; sourceTree = SDKROOT; };
		B4666EF127F9B2A00068ACDD /* RestaurantCloudStore.swift */ = {isa = PBXFileReference; lastKnownFileType = sourcecode.swift; path = RestaurantCloudStore.swift; sourceTree = "<group>"; };
		B4666EF427F9B3CE0068ACDD /* DiscoverView.swift */ = {isa = PBXFileReference; lastKnownFileType = sourcecode.swift; path = DiscoverView.swift; sourceTree = "<group>"; };
		B46ADC9627F344C900A65D32 /* TutorialView.swift */ = {isa = PBXFileReference; lastKnownFileType = sourcecode.swift; path = TutorialView.swift; sourceTree = "<group>"; };
		B47B2D3727E207850095708A /* Restaurant.swift */ = {isa = PBXFileReference; lastKnownFileType = sourcecode.swift; path = Restaurant.swift; sourceTree = "<group>"; };
		B4C5A50A27E2106000B2C3CE /* ActivityView.swift */ = {isa = PBXFileReference; lastKnownFileType = sourcecode.swift; path = ActivityView.swift; sourceTree = "<group>"; };
		B4C5A50D27E21A3F00B2C3CE /* RestaurantDetailView.swift */ = {isa = PBXFileReference; lastKnownFileType = sourcecode.swift; path = RestaurantDetailView.swift; sourceTree = "<group>"; };
		B4C5A51027E353D000B2C3CE /* MapView.swift */ = {isa = PBXFileReference; lastKnownFileType = sourcecode.swift; path = MapView.swift; sourceTree = "<group>"; };
		B4C5A51327E36C5100B2C3CE /* ReviewView.swift */ = {isa = PBXFileReference; lastKnownFileType = sourcecode.swift; path = ReviewView.swift; sourceTree = "<group>"; };
/* End PBXFileReference section */

/* Begin PBXFrameworksBuildPhase section */
		B45CE29527DF5DF30094CD35 /* Frameworks */ = {
			isa = PBXFrameworksBuildPhase;
			buildActionMask = 2147483647;
			files = (
				B4666EEE27F98B090068ACDD /* CloudKit.framework in Frameworks */,
			);
			runOnlyForDeploymentPostprocessing = 0;
		};
		B45CE29B27DF5DF30094CD35 /* Frameworks */ = {
			isa = PBXFrameworksBuildPhase;
			buildActionMask = 2147483647;
			files = (
				B4666EF027F98B120068ACDD /* CloudKit.framework in Frameworks */,
			);
			runOnlyForDeploymentPostprocessing = 0;
		};
/* End PBXFrameworksBuildPhase section */

/* Begin PBXGroup section */
		B454B23227F32DC4001A1161 /* ViewModels */ = {
			isa = PBXGroup;
			children = (
				B454B23627F32DF7001A1161 /* RestaurantFormViewModel.swift */,
			);
			path = ViewModels;
			sourceTree = "<group>";
		};
		B45CE28B27DF5DF20094CD35 = {
			isa = PBXGroup;
			children = (
				B4666EEB27F98AB80068ACDD /* FoodPin (iOS).entitlements */,
				B45CE29027DF5DF20094CD35 /* Shared */,
				B45CE29F27DF5DF30094CD35 /* macOS */,
				B45CE29927DF5DF30094CD35 /* Products */,
				B4666EEC27F98B090068ACDD /* Frameworks */,
			);
			sourceTree = "<group>";
		};
		B45CE29027DF5DF20094CD35 /* Shared */ = {
			isa = PBXGroup;
			children = (
				B45CE29127DF5DF20094CD35 /* FoodPinApp.swift */,
				B454B23227F32DC4001A1161 /* ViewModels */,
				B47B2D3E27E209EA0095708A /* Views */,
				B47B2D3A27E209CD0095708A /* Models */,
				B45CE29327DF5DF30094CD35 /* Assets.xcassets */,
				B454B22E27EC7FE9001A1161 /* FoodPin.xcdatamodeld */,
			);
			path = Shared;
			sourceTree = "<group>";
		};
		B45CE29927DF5DF30094CD35 /* Products */ = {
			isa = PBXGroup;
			children = (
				B45CE29827DF5DF30094CD35 /* FoodPin.app */,
				B45CE29E27DF5DF30094CD35 /* FoodPin.app */,
			);
			name = Products;
			sourceTree = "<group>";
		};
		B45CE29F27DF5DF30094CD35 /* macOS */ = {
			isa = PBXGroup;
			children = (
				B45CE2A027DF5DF30094CD35 /* macOS.entitlements */,
			);
			path = macOS;
			sourceTree = "<group>";
		};
		B4666EEC27F98B090068ACDD /* Frameworks */ = {
			isa = PBXGroup;
			children = (
				B4666EEF27F98B120068ACDD /* CloudKit.framework */,
				B4666EED27F98B090068ACDD /* CloudKit.framework */,
			);
			name = Frameworks;
			sourceTree = "<group>";
		};
		B47B2D3A27E209CD0095708A /* Models */ = {
			isa = PBXGroup;
			children = (
				B454B22B27EB67CC001A1161 /* Persistence.swift */,
				B4666EF127F9B2A00068ACDD /* RestaurantCloudStore.swift */,
				B47B2D3727E207850095708A /* Restaurant.swift */,
			);
			path = Models;
			sourceTree = "<group>";
		};
		B47B2D3E27E209EA0095708A /* Views */ = {
			isa = PBXGroup;
			children = (
				B4666EDC27F863B30068ACDD /* MainView.swift */,
				B45CE29227DF5DF20094CD35 /* RestaurantListView.swift */,
				B4666EF427F9B3CE0068ACDD /* DiscoverView.swift */,
				B4666EDF27F97DBF0068ACDD /* AboutView.swift */,
				B46ADC9627F344C900A65D32 /* TutorialView.swift */,
				B4C5A50D27E21A3F00B2C3CE /* RestaurantDetailView.swift */,
				B4C5A51327E36C5100B2C3CE /* ReviewView.swift */,
				B404115827E4C3D700904247 /* NewRestaurantView.swift */,
				B404115E27E5E4EC00904247 /* PhotoPicker.swift */,
				B4C5A50A27E2106000B2C3CE /* ActivityView.swift */,
				B4C5A51027E353D000B2C3CE /* MapView.swift */,
				B4666EE527F983820068ACDD /* WebView.swift */,
				B4666EE827F985E40068ACDD /* SafariView.swift */,
			);
			path = Views;
			sourceTree = "<group>";
		};
/* End PBXGroup section */

/* Begin PBXNativeTarget section */
		B45CE29727DF5DF30094CD35 /* FoodPin (iOS) */ = {
			isa = PBXNativeTarget;
			buildConfigurationList = B45CE2A927DF5DF30094CD35 /* Build configuration list for PBXNativeTarget "FoodPin (iOS)" */;
			buildPhases = (
				B45CE29427DF5DF30094CD35 /* Sources */,
				B45CE29527DF5DF30094CD35 /* Frameworks */,
				B45CE29627DF5DF30094CD35 /* Resources */,
			);
			buildRules = (
			);
			dependencies = (
			);
			name = "FoodPin (iOS)";
			productName = "FoodPin (iOS)";
			productReference = B45CE29827DF5DF30094CD35 /* FoodPin.app */;
			productType = "com.apple.product-type.application";
		};
		B45CE29D27DF5DF30094CD35 /* FoodPin (macOS) */ = {
			isa = PBXNativeTarget;
			buildConfigurationList = B45CE2AC27DF5DF30094CD35 /* Build configuration list for PBXNativeTarget "FoodPin (macOS)" */;
			buildPhases = (
				B45CE29A27DF5DF30094CD35 /* Sources */,
				B45CE29B27DF5DF30094CD35 /* Frameworks */,
				B45CE29C27DF5DF30094CD35 /* Resources */,
			);
			buildRules = (
			);
			dependencies = (
			);
			name = "FoodPin (macOS)";
			productName = "FoodPin (macOS)";
			productReference = B45CE29E27DF5DF30094CD35 /* FoodPin.app */;
			productType = "com.apple.product-type.application";
		};
/* End PBXNativeTarget section */

/* Begin PBXProject section */
		B45CE28C27DF5DF20094CD35 /* Project object */ = {
			isa = PBXProject;
			attributes = {
				BuildIndependentTargetsInParallel = 1;
				LastSwiftUpdateCheck = 1320;
				LastUpgradeCheck = 1330;
				TargetAttributes = {
					B45CE29727DF5DF30094CD35 = {
						CreatedOnToolsVersion = 13.2.1;
					};
					B45CE29D27DF5DF30094CD35 = {
						CreatedOnToolsVersion = 13.2.1;
					};
				};
			};
			buildConfigurationList = B45CE28F27DF5DF20094CD35 /* Build configuration list for PBXProject "FoodPin" */;
			compatibilityVersion = "Xcode 13.0";
			developmentRegion = en;
			hasScannedForEncodings = 0;
			knownRegions = (
				en,
				Base,
			);
			mainGroup = B45CE28B27DF5DF20094CD35;
			productRefGroup = B45CE29927DF5DF30094CD35 /* Products */;
			projectDirPath = "";
			projectRoot = "";
			targets = (
				B45CE29727DF5DF30094CD35 /* FoodPin (iOS) */,
				B45CE29D27DF5DF30094CD35 /* FoodPin (macOS) */,
			);
		};
/* End PBXProject section */

/* Begin PBXResourcesBuildPhase section */
		B45CE29627DF5DF30094CD35 /* Resources */ = {
			isa = PBXResourcesBuildPhase;
			buildActionMask = 2147483647;
			files = (
				B45CE2A527DF5DF30094CD35 /* Assets.xcassets in Resources */,
			);
			runOnlyForDeploymentPostprocessing = 0;
		};
		B45CE29C27DF5DF30094CD35 /* Resources */ = {
			isa = PBXResourcesBuildPhase;
			buildActionMask = 2147483647;
			files = (
				B45CE2A627DF5DF30094CD35 /* Assets.xcassets in Resources */,
			);
			runOnlyForDeploymentPostprocessing = 0;
		};
/* End PBXResourcesBuildPhase section */

/* Begin PBXSourcesBuildPhase section */
		B45CE29427DF5DF30094CD35 /* Sources */ = {
			isa = PBXSourcesBuildPhase;
			buildActionMask = 2147483647;
			files = (
				B404115927E4C3D700904247 /* NewRestaurantView.swift in Sources */,
				B4666EE627F983820068ACDD /* WebView.swift in Sources */,
				B4666EDD27F863B30068ACDD /* MainView.swift in Sources */,
				B46ADC9727F344C900A65D32 /* TutorialView.swift in Sources */,
				B4666EF227F9B2A00068ACDD /* RestaurantCloudStore.swift in Sources */,
				B454B23027EC7FE9001A1161 /* FoodPin.xcdatamodeld in Sources */,
				B4666EE027F97DBF0068ACDD /* AboutView.swift in Sources */,
				B45CE2A327DF5DF30094CD35 /* RestaurantListView.swift in Sources */,
				B4666EF527F9B3CE0068ACDD /* DiscoverView.swift in Sources */,
				B4C5A51127E353D000B2C3CE /* MapView.swift in Sources */,
				B4C5A50E27E21A3F00B2C3CE /* RestaurantDetailView.swift in Sources */,
				B404115F27E5E4EC00904247 /* PhotoPicker.swift in Sources */,
				B4C5A50B27E2106000B2C3CE /* ActivityView.swift in Sources */,
				B45CE2A127DF5DF30094CD35 /* FoodPinApp.swift in Sources */,
				B4666EE927F985E40068ACDD /* SafariView.swift in Sources */,
				B47B2D3827E207850095708A /* Restaurant.swift in Sources */,
				B454B23727F32DF7001A1161 /* RestaurantFormViewModel.swift in Sources */,
				B4C5A51427E36C5100B2C3CE /* ReviewView.swift in Sources */,
				B454B22C27EB67CC001A1161 /* Persistence.swift in Sources */,
			);
			runOnlyForDeploymentPostprocessing = 0;
		};
		B45CE29A27DF5DF30094CD35 /* Sources */ = {
			isa = PBXSourcesBuildPhase;
			buildActionMask = 2147483647;
			files = (
				B404115A27E4C3D700904247 /* NewRestaurantView.swift in Sources */,
				B4666EE727F983820068ACDD /* WebView.swift in Sources */,
				B4666EDE27F863B30068ACDD /* MainView.swift in Sources */,
				B46ADC9827F344C900A65D32 /* TutorialView.swift in Sources */,
				B4666EF327F9B2A00068ACDD /* RestaurantCloudStore.swift in Sources */,
				B454B23127EC7FE9001A1161 /* FoodPin.xcdatamodeld in Sources */,
				B4666EE127F97DBF0068ACDD /* AboutView.swift in Sources */,
				B45CE2A427DF5DF30094CD35 /* RestaurantListView.swift in Sources */,
				B4666EF627F9B3CE0068ACDD /* DiscoverView.swift in Sources */,
				B4C5A51227E353D000B2C3CE /* MapView.swift in Sources */,
				B4C5A50F27E21A3F00B2C3CE /* RestaurantDetailView.swift in Sources */,
				B404116027E5E4EC00904247 /* PhotoPicker.swift in Sources */,
				B4C5A50C27E2106000B2C3CE /* ActivityView.swift in Sources */,
				B45CE2A227DF5DF30094CD35 /* FoodPinApp.swift in Sources */,
				B4666EEA27F985E40068ACDD /* SafariView.swift in Sources */,
				B47B2D3927E207850095708A /* Restaurant.swift in Sources */,
				B454B23827F32DF7001A1161 /* RestaurantFormViewModel.swift in Sources */,
				B4C5A51527E36C5100B2C3CE /* ReviewView.swift in Sources */,
				B454B22D27EB67CC001A1161 /* Persistence.swift in Sources */,
			);
			runOnlyForDeploymentPostprocessing = 0;
		};
/* End PBXSourcesBuildPhase section */

/* Begin XCBuildConfiguration section */
		B45CE2A727DF5DF30094CD35 /* Debug */ = {
			isa = XCBuildConfiguration;
			buildSettings = {
				ALWAYS_SEARCH_USER_PATHS = NO;
				CLANG_ANALYZER_NONNULL = YES;
				CLANG_ANALYZER_NUMBER_OBJECT_CONVERSION = YES_AGGRESSIVE;
				CLANG_CXX_LANGUAGE_STANDARD = "gnu++17";
				CLANG_CXX_LIBRARY = "libc++";
				CLANG_ENABLE_MODULES = YES;
				CLANG_ENABLE_OBJC_ARC = YES;
				CLANG_ENABLE_OBJC_WEAK = YES;
				CLANG_WARN_BLOCK_CAPTURE_AUTORELEASING = YES;
				CLANG_WARN_BOOL_CONVERSION = YES;
				CLANG_WARN_COMMA = YES;
				CLANG_WARN_CONSTANT_CONVERSION = YES;
				CLANG_WARN_DEPRECATED_OBJC_IMPLEMENTATIONS = YES;
				CLANG_WARN_DIRECT_OBJC_ISA_USAGE = YES_ERROR;
				CLANG_WARN_DOCUMENTATION_COMMENTS = YES;
				CLANG_WARN_EMPTY_BODY = YES;
				CLANG_WARN_ENUM_CONVERSION = YES;
				CLANG_WARN_INFINITE_RECURSION = YES;
				CLANG_WARN_INT_CONVERSION = YES;
				CLANG_WARN_NON_LITERAL_NULL_CONVERSION = YES;
				CLANG_WARN_OBJC_IMPLICIT_RETAIN_SELF = YES;
				CLANG_WARN_OBJC_LITERAL_CONVERSION = YES;
				CLANG_WARN_OBJC_ROOT_CLASS = YES_ERROR;
				CLANG_WARN_QUOTED_INCLUDE_IN_FRAMEWORK_HEADER = YES;
				CLANG_WARN_RANGE_LOOP_ANALYSIS = YES;
				CLANG_WARN_STRICT_PROTOTYPES = YES;
				CLANG_WARN_SUSPICIOUS_MOVE = YES;
				CLANG_WARN_UNGUARDED_AVAILABILITY = YES_AGGRESSIVE;
				CLANG_WARN_UNREACHABLE_CODE = YES;
				CLANG_WARN__DUPLICATE_METHOD_MATCH = YES;
				COPY_PHASE_STRIP = NO;
				DEBUG_INFORMATION_FORMAT = dwarf;
				ENABLE_STRICT_OBJC_MSGSEND = YES;
				ENABLE_TESTABILITY = YES;
				GCC_C_LANGUAGE_STANDARD = gnu11;
				GCC_DYNAMIC_NO_PIC = NO;
				GCC_NO_COMMON_BLOCKS = YES;
				GCC_OPTIMIZATION_LEVEL = 0;
				GCC_PREPROCESSOR_DEFINITIONS = (
					"DEBUG=1",
					"$(inherited)",
				);
				GCC_WARN_64_TO_32_BIT_CONVERSION = YES;
				GCC_WARN_ABOUT_RETURN_TYPE = YES_ERROR;
				GCC_WARN_UNDECLARED_SELECTOR = YES;
				GCC_WARN_UNINITIALIZED_AUTOS = YES_AGGRESSIVE;
				GCC_WARN_UNUSED_FUNCTION = YES;
				GCC_WARN_UNUSED_VARIABLE = YES;
				MTL_ENABLE_DEBUG_INFO = INCLUDE_SOURCE;
				MTL_FAST_MATH = YES;
				ONLY_ACTIVE_ARCH = YES;
				SWIFT_ACTIVE_COMPILATION_CONDITIONS = DEBUG;
				SWIFT_OPTIMIZATION_LEVEL = "-Onone";
			};
			name = Debug;
		};
		B45CE2A827DF5DF30094CD35 /* Release */ = {
			isa = XCBuildConfiguration;
			buildSettings = {
				ALWAYS_SEARCH_USER_PATHS = NO;
				CLANG_ANALYZER_NONNULL = YES;
				CLANG_ANALYZER_NUMBER_OBJECT_CONVERSION = YES_AGGRESSIVE;
				CLANG_CXX_LANGUAGE_STANDARD = "gnu++17";
				CLANG_CXX_LIBRARY = "libc++";
				CLANG_ENABLE_MODULES = YES;
				CLANG_ENABLE_OBJC_ARC = YES;
				CLANG_ENABLE_OBJC_WEAK = YES;
				CLANG_WARN_BLOCK_CAPTURE_AUTORELEASING = YES;
				CLANG_WARN_BOOL_CONVERSION = YES;
				CLANG_WARN_COMMA = YES;
				CLANG_WARN_CONSTANT_CONVERSION = YES;
				CLANG_WARN_DEPRECATED_OBJC_IMPLEMENTATIONS = YES;
				CLANG_WARN_DIRECT_OBJC_ISA_USAGE = YES_ERROR;
				CLANG_WARN_DOCUMENTATION_COMMENTS = YES;
				CLANG_WARN_EMPTY_BODY = YES;
				CLANG_WARN_ENUM_CONVERSION = YES;
				CLANG_WARN_INFINITE_RECURSION = YES;
				CLANG_WARN_INT_CONVERSION = YES;
				CLANG_WARN_NON_LITERAL_NULL_CONVERSION = YES;
				CLANG_WARN_OBJC_IMPLICIT_RETAIN_SELF = YES;
				CLANG_WARN_OBJC_LITERAL_CONVERSION = YES;
				CLANG_WARN_OBJC_ROOT_CLASS = YES_ERROR;
				CLANG_WARN_QUOTED_INCLUDE_IN_FRAMEWORK_HEADER = YES;
				CLANG_WARN_RANGE_LOOP_ANALYSIS = YES;
				CLANG_WARN_STRICT_PROTOTYPES = YES;
				CLANG_WARN_SUSPICIOUS_MOVE = YES;
				CLANG_WARN_UNGUARDED_AVAILABILITY = YES_AGGRESSIVE;
				CLANG_WARN_UNREACHABLE_CODE = YES;
				CLANG_WARN__DUPLICATE_METHOD_MATCH = YES;
				COPY_PHASE_STRIP = NO;
				DEBUG_INFORMATION_FORMAT = "dwarf-with-dsym";
				ENABLE_NS_ASSERTIONS = NO;
				ENABLE_STRICT_OBJC_MSGSEND = YES;
				GCC_C_LANGUAGE_STANDARD = gnu11;
				GCC_NO_COMMON_BLOCKS = YES;
				GCC_WARN_64_TO_32_BIT_CONVERSION = YES;
				GCC_WARN_ABOUT_RETURN_TYPE = YES_ERROR;
				GCC_WARN_UNDECLARED_SELECTOR = YES;
				GCC_WARN_UNINITIALIZED_AUTOS = YES_AGGRESSIVE;
				GCC_WARN_UNUSED_FUNCTION = YES;
				GCC_WARN_UNUSED_VARIABLE = YES;
				MTL_ENABLE_DEBUG_INFO = NO;
				MTL_FAST_MATH = YES;
				SWIFT_COMPILATION_MODE = wholemodule;
				SWIFT_OPTIMIZATION_LEVEL = "-O";
			};
			name = Release;
		};
		B45CE2AA27DF5DF30094CD35 /* Debug */ = {
			isa = XCBuildConfiguration;
			buildSettings = {
				ASSETCATALOG_COMPILER_APPICON_NAME = AppIcon;
				ASSETCATALOG_COMPILER_GLOBAL_ACCENT_COLOR_NAME = AccentColor;
				CODE_SIGN_ENTITLEMENTS = "FoodPin (iOS).entitlements";
				CODE_SIGN_STYLE = Automatic;
				CURRENT_PROJECT_VERSION = 1;
				DEVELOPMENT_TEAM = C9KXYJ7FD6;
				ENABLE_PREVIEWS = YES;
				GENERATE_INFOPLIST_FILE = YES;
				INFOPLIST_KEY_UIApplicationSceneManifest_Generation = YES;
				INFOPLIST_KEY_UIApplicationSupportsIndirectInputEvents = YES;
				INFOPLIST_KEY_UILaunchScreen_Generation = YES;
				INFOPLIST_KEY_UISupportedInterfaceOrientations_iPad = "UIInterfaceOrientationPortrait UIInterfaceOrientationPortraitUpsideDown UIInterfaceOrientationLandscapeLeft UIInterfaceOrientationLandscapeRight";
				INFOPLIST_KEY_UISupportedInterfaceOrientations_iPhone = "UIInterfaceOrientationPortrait UIInterfaceOrientationLandscapeLeft UIInterfaceOrientationLandscapeRight";
				IPHONEOS_DEPLOYMENT_TARGET = 15.2;
				LD_RUNPATH_SEARCH_PATHS = (
					"$(inherited)",
					"@executable_path/Frameworks",
				);
				MARKETING_VERSION = 1.0;
				PRODUCT_BUNDLE_IDENTIFIER = me.augix.FoodPin;
				PRODUCT_NAME = FoodPin;
				SDKROOT = iphoneos;
				SWIFT_EMIT_LOC_STRINGS = YES;
				SWIFT_VERSION = 5.0;
				TARGETED_DEVICE_FAMILY = "1,2";
			};
			name = Debug;
		};
		B45CE2AB27DF5DF30094CD35 /* Release */ = {
			isa = XCBuildConfiguration;
			buildSettings = {
				ASSETCATALOG_COMPILER_APPICON_NAME = AppIcon;
				ASSETCATALOG_COMPILER_GLOBAL_ACCENT_COLOR_NAME = AccentColor;
				CODE_SIGN_ENTITLEMENTS = "FoodPin (iOS).entitlements";
				CODE_SIGN_STYLE = Automatic;
				CURRENT_PROJECT_VERSION = 1;
				DEVELOPMENT_TEAM = C9KXYJ7FD6;
				ENABLE_PREVIEWS = YES;
				GENERATE_INFOPLIST_FILE = YES;
				INFOPLIST_KEY_UIApplicationSceneManifest_Generation = YES;
				INFOPLIST_KEY_UIApplicationSupportsIndirectInputEvents = YES;
				INFOPLIST_KEY_UILaunchScreen_Generation = YES;
				INFOPLIST_KEY_UISupportedInterfaceOrientations_iPad = "UIInterfaceOrientationPortrait UIInterfaceOrientationPortraitUpsideDown UIInterfaceOrientationLandscapeLeft UIInterfaceOrientationLandscapeRight";
				INFOPLIST_KEY_UISupportedInterfaceOrientations_iPhone = "UIInterfaceOrientationPortrait UIInterfaceOrientationLandscapeLeft UIInterfaceOrientationLandscapeRight";
				IPHONEOS_DEPLOYMENT_TARGET = 15.2;
				LD_RUNPATH_SEARCH_PATHS = (
					"$(inherited)",
					"@executable_path/Frameworks",
				);
				MARKETING_VERSION = 1.0;
				PRODUCT_BUNDLE_IDENTIFIER = me.augix.FoodPin;
				PRODUCT_NAME = FoodPin;
				SDKROOT = iphoneos;
				SWIFT_EMIT_LOC_STRINGS = YES;
				SWIFT_VERSION = 5.0;
				TARGETED_DEVICE_FAMILY = "1,2";
				VALIDATE_PRODUCT = YES;
			};
			name = Release;
		};
		B45CE2AD27DF5DF30094CD35 /* Debug */ = {
			isa = XCBuildConfiguration;
			buildSettings = {
				ASSETCATALOG_COMPILER_APPICON_NAME = AppIcon;
				ASSETCATALOG_COMPILER_GLOBAL_ACCENT_COLOR_NAME = AccentColor;
				CODE_SIGN_ENTITLEMENTS = macOS/macOS.entitlements;
				CODE_SIGN_IDENTITY = "Apple Development";
				CODE_SIGN_STYLE = Automatic;
				COMBINE_HIDPI_IMAGES = YES;
				CURRENT_PROJECT_VERSION = 1;
				DEVELOPMENT_TEAM = C9KXYJ7FD6;
				ENABLE_HARDENED_RUNTIME = YES;
				ENABLE_PREVIEWS = YES;
				GENERATE_INFOPLIST_FILE = YES;
				INFOPLIST_KEY_NSHumanReadableCopyright = "";
				LD_RUNPATH_SEARCH_PATHS = (
					"$(inherited)",
					"@executable_path/../Frameworks",
				);
				MACOSX_DEPLOYMENT_TARGET = 12.1;
				MARKETING_VERSION = 1.0;
				PRODUCT_BUNDLE_IDENTIFIER = me.augix.FoodPin;
				PRODUCT_NAME = FoodPin;
				SDKROOT = macosx;
				SWIFT_EMIT_LOC_STRINGS = YES;
				SWIFT_VERSION = 5.0;
			};
			name = Debug;
		};
		B45CE2AE27DF5DF30094CD35 /* Release */ = {
			isa = XCBuildConfiguration;
			buildSettings = {
				ASSETCATALOG_COMPILER_APPICON_NAME = AppIcon;
				ASSETCATALOG_COMPILER_GLOBAL_ACCENT_COLOR_NAME = AccentColor;
				CODE_SIGN_ENTITLEMENTS = macOS/macOS.entitlements;
				CODE_SIGN_IDENTITY = "Apple Development";
				CODE_SIGN_STYLE = Automatic;
				COMBINE_HIDPI_IMAGES = YES;
				CURRENT_PROJECT_VERSION = 1;
				DEVELOPMENT_TEAM = C9KXYJ7FD6;
				ENABLE_HARDENED_RUNTIME = YES;
				ENABLE_PREVIEWS = YES;
				GENERATE_INFOPLIST_FILE = YES;
				INFOPLIST_KEY_NSHumanReadableCopyright = "";
				LD_RUNPATH_SEARCH_PATHS = (
					"$(inherited)",
					"@executable_path/../Frameworks",
				);
				MACOSX_DEPLOYMENT_TARGET = 12.1;
				MARKETING_VERSION = 1.0;
				PRODUCT_BUNDLE_IDENTIFIER = me.augix.FoodPin;
				PRODUCT_NAME = FoodPin;
				SDKROOT = macosx;
				SWIFT_EMIT_LOC_STRINGS = YES;
				SWIFT_VERSION = 5.0;
			};
			name = Release;
		};
/* End XCBuildConfiguration section */

/* Begin XCConfigurationList section */
		B45CE28F27DF5DF20094CD35 /* Build configuration list for PBXProject "FoodPin" */ = {
			isa = XCConfigurationList;
			buildConfigurations = (
				B45CE2A727DF5DF30094CD35 /* Debug */,
				B45CE2A827DF5DF30094CD35 /* Release */,
			);
			defaultConfigurationIsVisible = 0;
			defaultConfigurationName = Release;
		};
		B45CE2A927DF5DF30094CD35 /* Build configuration list for PBXNativeTarget "FoodPin (iOS)" */ = {
			isa = XCConfigurationList;
			buildConfigurations = (
				B45CE2AA27DF5DF30094CD35 /* Debug */,
				B45CE2AB27DF5DF30094CD35 /* Release */,
			);
			defaultConfigurationIsVisible = 0;
			defaultConfigurationName = Release;
		};
		B45CE2AC27DF5DF30094CD35 /* Build configuration list for PBXNativeTarget "FoodPin (macOS)" */ = {
			isa = XCConfigurationList;
			buildConfigurations = (
				B45CE2AD27DF5DF30094CD35 /* Debug */,
				B45CE2AE27DF5DF30094CD35 /* Release */,
			);
			defaultConfigurationIsVisible = 0;
			defaultConfigurationName = Release;
		};
/* End XCConfigurationList section */

/* Begin XCVersionGroup section */
		B454B22E27EC7FE9001A1161 /* FoodPin.xcdatamodeld */ = {
			isa = XCVersionGroup;
			children = (
				B454B22F27EC7FE9001A1161 /* FoodPin.xcdatamodel */,
			);
			currentVersion = B454B22F27EC7FE9001A1161 /* FoodPin.xcdatamodel */;
			path = FoodPin.xcdatamodeld;
			sourceTree = "<group>";
			versionGroupType = wrapper.xcdatamodel;
		};
/* End XCVersionGroup section */
	};
	rootObject = B45CE28C27DF5DF20094CD35 /* Project object */;
}
